
Microsoft Visual Studio Solution File, Format Version 12.00
# Visual Studio Version 17
VisualStudioVersion = 17.1.31911.260
MinimumVisualStudioVersion = 10.0.40219.1
Project("{FAE04EC0-301F-11D3-BF4B-00C04F79EFBC}") = "Tree", "Tree\Tree.csproj", "{C23A07A3-C6F2-45F4-B828-AB7421F838E4}"
EndProject
Global
	GlobalSection(SolutionConfigurationPlatforms) = preSolution
		Debug|Any CPU = Debug|Any CPU
		Release|Any CPU = Release|Any CPU
	EndGlobalSection
	GlobalSection(ProjectConfigurationPlatforms) = postSolution
		{C23A07A3-C6F2-45F4-B828-AB7421F838E4}.Debug|Any CPU.ActiveCfg = Debug|Any CPU
		{C23A07A3-C6F2-45F4-B828-AB7421F838E4}.Debug|Any CPU.Build.0 = Debug|Any CPU
		{C23A07A3-C6F2-45F4-B828-AB7421F838E4}.Release|Any CPU.ActiveCfg = Release|Any CPU
		{C23A07A3-C6F2-45F4-B828-AB7421F838E4}.Release|Any CPU.Build.0 = Release|Any CPU
	EndGlobalSection
	GlobalSection(SolutionProperties) = preSolution
		HideSolutionNode = FALSE
	EndGlobalSection
	GlobalSection(ExtensibilityGlobals) = postSolution
		SolutionGuid = {DADC6F37-1810-488E-A1CF-37EBC8C5CA97}
	EndGlobalSection
EndGlobal
